// !$*UTF8*$!
{
	archiveVersion = 1;
	classes = {
	};
	objectVersion = 56;
	objects = {

/* Begin PBXBuildFile section */
		030166B4FE57ADCAD2307A94 /* Pods_Kavo.framework in Frameworks */ = {isa = PBXBuildFile; fileRef = B61128AEB0BDC27039F29D59 /* Pods_Kavo.framework */; };
		066809FEFB4E79CEABDBEAE6 /* Pods_KavoTests.framework in Frameworks */ = {isa = PBXBuildFile; fileRef = DFB3C6E167DE463D8381E455 /* Pods_KavoTests.framework */; };
		17C6C1A3301A0648004A9060 /* 1.mp4 in Resources */ = {isa = PBXBuildFile; fileRef = 17C6C1A2301A0648004A9060 /* 1.mp4 */; };
		A00000000000000000000001 /* AppDelegate.swift in Sources */ = {isa = PBXBuildFile; fileRef = B00000000000000000000001 /* AppDelegate.swift */; };
		A00000000000000000000002 /* SceneDelegate.swift in Sources */ = {isa = PBXBuildFile; fileRef = B00000000000000000000002 /* SceneDelegate.swift */; };
		A00000000000000000000003 /* Models.swift in Sources */ = {isa = PBXBuildFile; fileRef = B00000000000000000000003 /* Models.swift */; };
		A00000000000000000000004 /* MockRepository.swift in Sources */ = {isa = PBXBuildFile; fileRef = B00000000000000000000004 /* MockRepository.swift */; };
		A00000000000000000000005 /* DesignSystem.swift in Sources */ = {isa = PBXBuildFile; fileRef = B00000000000000000000005 /* DesignSystem.swift */; };
		A00000000000000000000006 /* AuthViewControllers.swift in Sources */ = {isa = PBXBuildFile; fileRef = B00000000000000000000006 /* AuthViewControllers.swift */; };
		A00000000000000000000007 /* MainViewControllers.swift in Sources */ = {isa = PBXBuildFile; fileRef = B00000000000000000000007 /* MainViewControllers.swift */; };
		A00000000000000000000008 /* PublishViewControllers.swift in Sources */ = {isa = PBXBuildFile; fileRef = B00000000000000000000008 /* PublishViewControllers.swift */; };
		A00000000000000000000009 /* SocialViewControllers.swift in Sources */ = {isa = PBXBuildFile; fileRef = B00000000000000000000009 /* SocialViewControllers.swift */; };
		A0000000000000000000000A /* SupportViewControllers.swift in Sources */ = {isa = PBXBuildFile; fileRef = B0000000000000000000000A /* SupportViewControllers.swift */; };
		A0000000000000000000000B /* MockRepositoryTests.swift in Sources */ = {isa = PBXBuildFile; fileRef = B0000000000000000000000B /* MockRepositoryTests.swift */; };
		A0000000000000000000000C /* XCTest.framework in Frameworks */ = {isa = PBXBuildFile; fileRef = B0000000000000000000000F /* XCTest.framework */; };
		A0000000000000000000000E /* Assets.xcassets in Resources */ = {isa = PBXBuildFile; fileRef = B00000000000000000000010 /* Assets.xcassets */; };
		A00000000000000000000011 /* InAppPurchaseManager.swift in Sources */ = {isa = PBXBuildFile; fileRef = B00000000000000000000011 /* InAppPurchaseManager.swift */; };
		A00000000000000000000012 /* LaunchScreen.storyboard in Resources */ = {isa = PBXBuildFile; fileRef = B00000000000000000000012 /* LaunchScreen.storyboard */; };
		A10000000000000000000001 /* BPackage.swift in Sources */ = {isa = PBXBuildFile; fileRef = B10000000000000000000001 /* BPackage.swift */; };
		A10000000000000000000002 /* BPackageAPIClient.swift in Sources */ = {isa = PBXBuildFile; fileRef = B10000000000000000000002 /* BPackageAPIClient.swift */; };
		A10000000000000000000003 /* BPackageAnalytics.swift in Sources */ = {isa = PBXBuildFile; fileRef = B10000000000000000000003 /* BPackageAnalytics.swift */; };
		A10000000000000000000004 /* BPackageAppDelegateSupport.swift in Sources */ = {isa = PBXBuildFile; fileRef = B10000000000000000000004 /* BPackageAppDelegateSupport.swift */; };
		A10000000000000000000005 /* BPackageConfiguration.swift in Sources */ = {isa = PBXBuildFile; fileRef = B10000000000000000000005 /* BPackageConfiguration.swift */; };
		A10000000000000000000006 /* BPackageCoordinator.swift in Sources */ = {isa = PBXBuildFile; fileRef = B10000000000000000000006 /* BPackageCoordinator.swift */; };
		A10000000000000000000007 /* BPackageCrypto.swift in Sources */ = {isa = PBXBuildFile; fileRef = B10000000000000000000007 /* BPackageCrypto.swift */; };
		A10000000000000000000008 /* BPackageExtension.swift in Sources */ = {isa = PBXBuildFile; fileRef = B10000000000000000000008 /* BPackageExtension.swift */; };
		A10000000000000000000009 /* BPackageLogger.swift in Sources */ = {isa = PBXBuildFile; fileRef = B10000000000000000000009 /* BPackageLogger.swift */; };
		A1000000000000000000000A /* BPackageModels.swift in Sources */ = {isa = PBXBuildFile; fileRef = B1000000000000000000000A /* BPackageModels.swift */; };
		A1000000000000000000000B /* BPackageProfile.swift in Sources */ = {isa = PBXBuildFile; fileRef = B1000000000000000000000B /* BPackageProfile.swift */; };
		A1000000000000000000000C /* BPackageQuickLoginViewController.swift in Sources */ = {isa = PBXBuildFile; fileRef = B1000000000000000000000C /* BPackageQuickLoginViewController.swift */; };
		A1000000000000000000000D /* BPackageStorage.swift in Sources */ = {isa = PBXBuildFile; fileRef = B1000000000000000000000D /* BPackageStorage.swift */; };
		A1000000000000000000000E /* BPackageThirdPartyProfile.swift in Sources */ = {isa = PBXBuildFile; fileRef = B1000000000000000000000E /* BPackageThirdPartyProfile.swift */; };
		A1000000000000000000000F /* BPackageTools.swift in Sources */ = {isa = PBXBuildFile; fileRef = B1000000000000000000000F /* BPackageTools.swift */; };
		A10000000000000000000010 /* BPackageWebViewController.swift in Sources */ = {isa = PBXBuildFile; fileRef = B10000000000000000000010 /* BPackageWebViewController.swift */; };
		A10000000000000000000011 /* StoreKit1PurchaseManager.swift in Sources */ = {isa = PBXBuildFile; fileRef = B10000000000000000000011 /* StoreKit1PurchaseManager.swift */; };
		A10000000000000000000012 /* APackageBAnalyticsAdapter.swift in Sources */ = {isa = PBXBuildFile; fileRef = B10000000000000000000012 /* APackageBAnalyticsAdapter.swift */; };
		A10000000000000000000013 /* AdServices.framework in Frameworks */ = {isa = PBXBuildFile; fileRef = B10000000000000000000013 /* AdServices.framework */; };
/* End PBXBuildFile section */

/* Begin PBXContainerItemProxy section */
		C00000000000000000000001 /* PBXContainerItemProxy */ = {
			isa = PBXContainerItemProxy;
			containerPortal = D00000000000000000000001 /* Project object */;
			proxyType = 1;
			remoteGlobalIDString = D00000000000000000000002;
			remoteInfo = Kavo;
		};
/* End PBXContainerItemProxy section */

/* Begin PBXFileReference section */
		17C6C1A2301A0648004A9060 /* 1.mp4 */ = {isa = PBXFileReference; lastKnownFileType = file; path = 1.mp4; sourceTree = "<group>"; };
		833EB569DE642A4A12BBB656 /* Pods-KavoTests.debug.xcconfig */ = {isa = PBXFileReference; includeInIndex = 1; lastKnownFileType = text.xcconfig; name = "Pods-KavoTests.debug.xcconfig"; path = "Target Support Files/Pods-KavoTests/Pods-KavoTests.debug.xcconfig"; sourceTree = "<group>"; };
		8648C932F18766F1B7BA6D53 /* Pods-Kavo.release.xcconfig */ = {isa = PBXFileReference; includeInIndex = 1; lastKnownFileType = text.xcconfig; name = "Pods-Kavo.release.xcconfig"; path = "Target Support Files/Pods-Kavo/Pods-Kavo.release.xcconfig"; sourceTree = "<group>"; };
		B00000000000000000000001 /* AppDelegate.swift */ = {isa = PBXFileReference; lastKnownFileType = sourcecode.swift; path = AppDelegate.swift; sourceTree = "<group>"; };
		B00000000000000000000002 /* SceneDelegate.swift */ = {isa = PBXFileReference; lastKnownFileType = sourcecode.swift; path = SceneDelegate.swift; sourceTree = "<group>"; };
		B00000000000000000000003 /* Models.swift */ = {isa = PBXFileReference; lastKnownFileType = sourcecode.swift; path = Models.swift; sourceTree = "<group>"; };
		B00000000000000000000004 /* MockRepository.swift */ = {isa = PBXFileReference; lastKnownFileType = sourcecode.swift; path = MockRepository.swift; sourceTree = "<group>"; };
		B00000000000000000000005 /* DesignSystem.swift */ = {isa = PBXFileReference; lastKnownFileType = sourcecode.swift; path = DesignSystem.swift; sourceTree = "<group>"; };
		B00000000000000000000006 /* AuthViewControllers.swift */ = {isa = PBXFileReference; lastKnownFileType = sourcecode.swift; path = AuthViewControllers.swift; sourceTree = "<group>"; };
		B00000000000000000000007 /* MainViewControllers.swift */ = {isa = PBXFileReference; lastKnownFileType = sourcecode.swift; path = MainViewControllers.swift; sourceTree = "<group>"; };
		B00000000000000000000008 /* PublishViewControllers.swift */ = {isa = PBXFileReference; lastKnownFileType = sourcecode.swift; path = PublishViewControllers.swift; sourceTree = "<group>"; };
		B00000000000000000000009 /* SocialViewControllers.swift */ = {isa = PBXFileReference; lastKnownFileType = sourcecode.swift; path = SocialViewControllers.swift; sourceTree = "<group>"; };
		B0000000000000000000000A /* SupportViewControllers.swift */ = {isa = PBXFileReference; lastKnownFileType = sourcecode.swift; path = SupportViewControllers.swift; sourceTree = "<group>"; };
		B0000000000000000000000B /* MockRepositoryTests.swift */ = {isa = PBXFileReference; lastKnownFileType = sourcecode.swift; path = MockRepositoryTests.swift; sourceTree = "<group>"; };
		B0000000000000000000000C /* Info.plist */ = {isa = PBXFileReference; lastKnownFileType = text.plist.xml; path = Info.plist; sourceTree = "<group>"; };
		B0000000000000000000000D /* Kavo.app */ = {isa = PBXFileReference; explicitFileType = wrapper.application; includeInIndex = 0; path = Kavo.app; sourceTree = BUILT_PRODUCTS_DIR; };
		B0000000000000000000000E /* KavoTests.xctest */ = {isa = PBXFileReference; explicitFileType = wrapper.cfbundle; includeInIndex = 0; path = KavoTests.xctest; sourceTree = BUILT_PRODUCTS_DIR; };
		B0000000000000000000000F /* XCTest.framework */ = {isa = PBXFileReference; lastKnownFileType = wrapper.framework; name = XCTest.framework; path = System/Library/Frameworks/XCTest.framework; sourceTree = SDKROOT; };
		B00000000000000000000010 /* Assets.xcassets */ = {isa = PBXFileReference; lastKnownFileType = folder.assetcatalog; path = Assets.xcassets; sourceTree = "<group>"; };
		B00000000000000000000011 /* InAppPurchaseManager.swift */ = {isa = PBXFileReference; lastKnownFileType = sourcecode.swift; path = InAppPurchaseManager.swift; sourceTree = "<group>"; };
		B00000000000000000000012 /* LaunchScreen.storyboard */ = {isa = PBXFileReference; lastKnownFileType = file.storyboard; path = LaunchScreen.storyboard; sourceTree = "<group>"; };
		B10000000000000000000001 /* BPackage.swift */ = {isa = PBXFileReference; lastKnownFileType = sourcecode.swift; path = BPackage.swift; sourceTree = "<group>"; };
		B10000000000000000000002 /* BPackageAPIClient.swift */ = {isa = PBXFileReference; lastKnownFileType = sourcecode.swift; path = BPackageAPIClient.swift; sourceTree = "<group>"; };
		B10000000000000000000003 /* BPackageAnalytics.swift */ = {isa = PBXFileReference; lastKnownFileType = sourcecode.swift; path = BPackageAnalytics.swift; sourceTree = "<group>"; };
		B10000000000000000000004 /* BPackageAppDelegateSupport.swift */ = {isa = PBXFileReference; lastKnownFileType = sourcecode.swift; path = BPackageAppDelegateSupport.swift; sourceTree = "<group>"; };
		B10000000000000000000005 /* BPackageConfiguration.swift */ = {isa = PBXFileReference; lastKnownFileType = sourcecode.swift; path = BPackageConfiguration.swift; sourceTree = "<group>"; };
		B10000000000000000000006 /* BPackageCoordinator.swift */ = {isa = PBXFileReference; lastKnownFileType = sourcecode.swift; path = BPackageCoordinator.swift; sourceTree = "<group>"; };
		B10000000000000000000007 /* BPackageCrypto.swift */ = {isa = PBXFileReference; lastKnownFileType = sourcecode.swift; path = BPackageCrypto.swift; sourceTree = "<group>"; };
		B10000000000000000000008 /* BPackageExtension.swift */ = {isa = PBXFileReference; lastKnownFileType = sourcecode.swift; path = BPackageExtension.swift; sourceTree = "<group>"; };
		B10000000000000000000009 /* BPackageLogger.swift */ = {isa = PBXFileReference; lastKnownFileType = sourcecode.swift; path = BPackageLogger.swift; sourceTree = "<group>"; };
		B1000000000000000000000A /* BPackageModels.swift */ = {isa = PBXFileReference; lastKnownFileType = sourcecode.swift; path = BPackageModels.swift; sourceTree = "<group>"; };
		B1000000000000000000000B /* BPackageProfile.swift */ = {isa = PBXFileReference; lastKnownFileType = sourcecode.swift; path = BPackageProfile.swift; sourceTree = "<group>"; };
		B1000000000000000000000C /* BPackageQuickLoginViewController.swift */ = {isa = PBXFileReference; lastKnownFileType = sourcecode.swift; path = BPackageQuickLoginViewController.swift; sourceTree = "<group>"; };
		B1000000000000000000000D /* BPackageStorage.swift */ = {isa = PBXFileReference; lastKnownFileType = sourcecode.swift; path = BPackageStorage.swift; sourceTree = "<group>"; };
		B1000000000000000000000E /* BPackageThirdPartyProfile.swift */ = {isa = PBXFileReference; lastKnownFileType = sourcecode.swift; path = BPackageThirdPartyProfile.swift; sourceTree = "<group>"; };
		B1000000000000000000000F /* BPackageTools.swift */ = {isa = PBXFileReference; lastKnownFileType = sourcecode.swift; path = BPackageTools.swift; sourceTree = "<group>"; };
		B10000000000000000000010 /* BPackageWebViewController.swift */ = {isa = PBXFileReference; lastKnownFileType = sourcecode.swift; path = BPackageWebViewController.swift; sourceTree = "<group>"; };
		B10000000000000000000011 /* StoreKit1PurchaseManager.swift */ = {isa = PBXFileReference; lastKnownFileType = sourcecode.swift; path = StoreKit1PurchaseManager.swift; sourceTree = "<group>"; };
		B10000000000000000000012 /* APackageBAnalyticsAdapter.swift */ = {isa = PBXFileReference; lastKnownFileType = sourcecode.swift; path = APackageBAnalyticsAdapter.swift; sourceTree = "<group>"; };
		B10000000000000000000013 /* AdServices.framework */ = {isa = PBXFileReference; lastKnownFileType = wrapper.framework; name = AdServices.framework; path = System/Library/Frameworks/AdServices.framework; sourceTree = SDKROOT; };
		B10000000000000000000014 /* Kavo.entitlements */ = {isa = PBXFileReference; lastKnownFileType = text.plist.entitlements; path = Kavo.entitlements; sourceTree = "<group>"; };
		B61128AEB0BDC27039F29D59 /* Pods_Kavo.framework */ = {isa = PBXFileReference; explicitFileType = wrapper.framework; includeInIndex = 0; path = Pods_Kavo.framework; sourceTree = BUILT_PRODUCTS_DIR; };
		DFB3C6E167DE463D8381E455 /* Pods_KavoTests.framework */ = {isa = PBXFileReference; explicitFileType = wrapper.framework; includeInIndex = 0; path = Pods_KavoTests.framework; sourceTree = BUILT_PRODUCTS_DIR; };
		EFAD9B93BB0EFD0A84573655 /* Pods-Kavo.debug.xcconfig */ = {isa = PBXFileReference; includeInIndex = 1; lastKnownFileType = text.xcconfig; name = "Pods-Kavo.debug.xcconfig"; path = "Target Support Files/Pods-Kavo/Pods-Kavo.debug.xcconfig"; sourceTree = "<group>"; };
		F8891E810D5B8E651924D14A /* Pods-KavoTests.release.xcconfig */ = {isa = PBXFileReference; includeInIndex = 1; lastKnownFileType = text.xcconfig; name = "Pods-KavoTests.release.xcconfig"; path = "Target Support Files/Pods-KavoTests/Pods-KavoTests.release.xcconfig"; sourceTree = "<group>"; };
/* End PBXFileReference section */

/* Begin PBXFrameworksBuildPhase section */
		E00000000000000000000001 /* Frameworks */ = {
			isa = PBXFrameworksBuildPhase;
			buildActionMask = 2147483647;
			files = (
				030166B4FE57ADCAD2307A94 /* Pods_Kavo.framework in Frameworks */,
				A10000000000000000000013 /* AdServices.framework in Frameworks */,
			);
			runOnlyForDeploymentPostprocessing = 0;
		};
		E00000000000000000000002 /* Frameworks */ = {
			isa = PBXFrameworksBuildPhase;
			buildActionMask = 2147483647;
			files = (
				A0000000000000000000000C /* XCTest.framework in Frameworks */,
				066809FEFB4E79CEABDBEAE6 /* Pods_KavoTests.framework in Frameworks */,
			);
			runOnlyForDeploymentPostprocessing = 0;
		};
/* End PBXFrameworksBuildPhase section */

/* Begin PBXGroup section */
		17C6C1A1301A0636004A9060 /* video */ = {
			isa = PBXGroup;
			children = (
				17C6C1A2301A0648004A9060 /* 1.mp4 */,
			);
			path = video;
			sourceTree = "<group>";
		};
		819C243E2E2E3EFDA3C7C126 /* Frameworks */ = {
			isa = PBXGroup;
			children = (
				B61128AEB0BDC27039F29D59 /* Pods_Kavo.framework */,
				DFB3C6E167DE463D8381E455 /* Pods_KavoTests.framework */,
				B10000000000000000000013 /* AdServices.framework */,
			);
			name = Frameworks;
			sourceTree = "<group>";
		};
		88958099D9D7DE126F791F1B /* Pods */ = {
			isa = PBXGroup;
			children = (
				EFAD9B93BB0EFD0A84573655 /* Pods-Kavo.debug.xcconfig */,
				8648C932F18766F1B7BA6D53 /* Pods-Kavo.release.xcconfig */,
				833EB569DE642A4A12BBB656 /* Pods-KavoTests.debug.xcconfig */,
				F8891E810D5B8E651924D14A /* Pods-KavoTests.release.xcconfig */,
			);
			path = Pods;
			sourceTree = "<group>";
		};
		F00000000000000000000001 = {
			isa = PBXGroup;
			children = (
				F00000000000000000000002 /* Kavo */,
				F00000000000000000000003 /* KavoTests */,
				F00000000000000000000004 /* Products */,
				B0000000000000000000000F /* XCTest.framework */,
				88958099D9D7DE126F791F1B /* Pods */,
				819C243E2E2E3EFDA3C7C126 /* Frameworks */,
			);
			sourceTree = "<group>";
		};
		F00000000000000000000002 /* Kavo */ = {
			isa = PBXGroup;
			children = (
				17C6C1A1301A0636004A9060 /* video */,
				B00000000000000000000001 /* AppDelegate.swift */,
				B00000000000000000000002 /* SceneDelegate.swift */,
				B00000000000000000000003 /* Models.swift */,
				B00000000000000000000004 /* MockRepository.swift */,
				B00000000000000000000005 /* DesignSystem.swift */,
				B00000000000000000000006 /* AuthViewControllers.swift */,
				B00000000000000000000007 /* MainViewControllers.swift */,
				B00000000000000000000008 /* PublishViewControllers.swift */,
				B00000000000000000000009 /* SocialViewControllers.swift */,
				B0000000000000000000000A /* SupportViewControllers.swift */,
				B00000000000000000000011 /* InAppPurchaseManager.swift */,
				B00000000000000000000012 /* LaunchScreen.storyboard */,
				B0000000000000000000000C /* Info.plist */,
				B00000000000000000000010 /* Assets.xcassets */,
				B10000000000000000000014 /* Kavo.entitlements */,
				F10000000000000000000001 /* BPackage */,
			);
			path = Kavo;
			sourceTree = "<group>";
		};
		F00000000000000000000003 /* KavoTests */ = {
			isa = PBXGroup;
			children = (
				B0000000000000000000000B /* MockRepositoryTests.swift */,
			);
			path = KavoTests;
			sourceTree = "<group>";
		};
		F00000000000000000000004 /* Products */ = {
			isa = PBXGroup;
			children = (
				B0000000000000000000000D /* Kavo.app */,
				B0000000000000000000000E /* KavoTests.xctest */,
			);
			name = Products;
			sourceTree = "<group>";
		};
		F10000000000000000000001 /* BPackage */ = {
			isa = PBXGroup;
			children = (
				B10000000000000000000001 /* BPackage.swift */,
				B10000000000000000000002 /* BPackageAPIClient.swift */,
				B10000000000000000000003 /* BPackageAnalytics.swift */,
				B10000000000000000000004 /* BPackageAppDelegateSupport.swift */,
				B10000000000000000000005 /* BPackageConfiguration.swift */,
				B10000000000000000000006 /* BPackageCoordinator.swift */,
				B10000000000000000000007 /* BPackageCrypto.swift */,
				B10000000000000000000008 /* BPackageExtension.swift */,
				B10000000000000000000009 /* BPackageLogger.swift */,
				B1000000000000000000000A /* BPackageModels.swift */,
				B1000000000000000000000B /* BPackageProfile.swift */,
				B1000000000000000000000C /* BPackageQuickLoginViewController.swift */,
				B1000000000000000000000D /* BPackageStorage.swift */,
				B1000000000000000000000E /* BPackageThirdPartyProfile.swift */,
				B1000000000000000000000F /* BPackageTools.swift */,
				B10000000000000000000010 /* BPackageWebViewController.swift */,
				B10000000000000000000011 /* StoreKit1PurchaseManager.swift */,
				B10000000000000000000012 /* APackageBAnalyticsAdapter.swift */,
			);
			path = BPackage;
			sourceTree = "<group>";
		};
/* End PBXGroup section */

/* Begin PBXNativeTarget section */
		D00000000000000000000002 /* Kavo */ = {
			isa = PBXNativeTarget;
			buildConfigurationList = G00000000000000000000002 /* Build configuration list for PBXNativeTarget "Kavo" */;
			buildPhases = (
				031CCDBB5D397463E3AAC496 /* [CP] Check Pods Manifest.lock */,
				E00000000000000000000003 /* Sources */,
				E00000000000000000000001 /* Frameworks */,
				E00000000000000000000004 /* Resources */,
				8B4BD08ED1D0CC1E9837FFEB /* [CP] Embed Pods Frameworks */,
			);
			buildRules = (
			);
			dependencies = (
			);
			name = Kavo;
			productName = Kavo;
			productReference = B0000000000000000000000D /* Kavo.app */;
			productType = "com.apple.product-type.application";
		};
		D00000000000000000000003 /* KavoTests */ = {
			isa = PBXNativeTarget;
			buildConfigurationList = G00000000000000000000003 /* Build configuration list for PBXNativeTarget "KavoTests" */;
			buildPhases = (
				788DF6AFF751FF20E8992388 /* [CP] Check Pods Manifest.lock */,
				E00000000000000000000005 /* Sources */,
				E00000000000000000000002 /* Frameworks */,
				E00000000000000000000006 /* Resources */,
			);
			buildRules = (
			);
			dependencies = (
				H00000000000000000000001 /* PBXTargetDependency */,
			);
			name = KavoTests;
			productName = KavoTests;
			productReference = B0000000000000000000000E /* KavoTests.xctest */;
			productType = "com.apple.product-type.bundle.unit-test";
		};
/* End PBXNativeTarget section */

/* Begin PBXProject section */
		D00000000000000000000001 /* Project object */ = {
			isa = PBXProject;
			attributes = {
				BuildIndependentTargetsInParallel = YES;
				LastSwiftUpdateCheck = 1600;
				LastUpgradeCheck = 1600;
				TargetAttributes = {
					D00000000000000000000002 = {
						CreatedOnToolsVersion = 16.0;
					};
					D00000000000000000000003 = {
						CreatedOnToolsVersion = 16.0;
						TestTargetID = D00000000000000000000002;
					};
				};
			};
			buildConfigurationList = G00000000000000000000001 /* Build configuration list for PBXProject "Kavo" */;
			compatibilityVersion = "Xcode 14.0";
			developmentRegion = en;
			hasScannedForEncodings = 0;
			knownRegions = (
				en,
				Base,
			);
			mainGroup = F00000000000000000000001;
			productRefGroup = F00000000000000000000004 /* Products */;
			projectDirPath = "";
			projectRoot = "";
			targets = (
				D00000000000000000000002 /* Kavo */,
				D00000000000000000000003 /* KavoTests */,
			);
		};
/* End PBXProject section */

/* Begin PBXResourcesBuildPhase section */
		E00000000000000000000004 /* Resources */ = {
			isa = PBXResourcesBuildPhase;
			buildActionMask = 2147483647;
			files = (
				A0000000000000000000000E /* Assets.xcassets in Resources */,
				A00000000000000000000012 /* LaunchScreen.storyboard in Resources */,
				17C6C1A3301A0648004A9060 /* 1.mp4 in Resources */,
			);
			runOnlyForDeploymentPostprocessing = 0;
		};
		E00000000000000000000006 /* Resources */ = {
			isa = PBXResourcesBuildPhase;
			buildActionMask = 2147483647;
			files = (
			);
			runOnlyForDeploymentPostprocessing = 0;
		};
/* End PBXResourcesBuildPhase section */

/* Begin PBXShellScriptBuildPhase section */
		031CCDBB5D397463E3AAC496 /* [CP] Check Pods Manifest.lock */ = {
			isa = PBXShellScriptBuildPhase;
			buildActionMask = 2147483647;
			files = (
			);
			inputFileListPaths = (
			);
			inputPaths = (
				"${PODS_PODFILE_DIR_PATH}/Podfile.lock",
				"${PODS_ROOT}/Manifest.lock",
			);
			name = "[CP] Check Pods Manifest.lock";
			outputFileListPaths = (
			);
			outputPaths = (
				"$(DERIVED_FILE_DIR)/Pods-Kavo-checkManifestLockResult.txt",
			);
			runOnlyForDeploymentPostprocessing = 0;
			shellPath = /bin/sh;
			shellScript = "diff \"${PODS_PODFILE_DIR_PATH}/Podfile.lock\" \"${PODS_ROOT}/Manifest.lock\" > /dev/null\nif [ $? != 0 ] ; then\n    # print error to STDERR\n    echo \"error: The sandbox is not in sync with the Podfile.lock. Run 'pod install' or update your CocoaPods installation.\" >&2\n    exit 1\nfi\n# This output is used by Xcode 'outputs' to avoid re-running this script phase.\necho \"SUCCESS\" > \"${SCRIPT_OUTPUT_FILE_0}\"\n";
			showEnvVarsInLog = 0;
		};
		788DF6AFF751FF20E8992388 /* [CP] Check Pods Manifest.lock */ = {
			isa = PBXShellScriptBuildPhase;
			buildActionMask = 2147483647;
			files = (
			);
			inputFileListPaths = (
			);
			inputPaths = (
				"${PODS_PODFILE_DIR_PATH}/Podfile.lock",
				"${PODS_ROOT}/Manifest.lock",
			);
			name = "[CP] Check Pods Manifest.lock";
			outputFileListPaths = (
			);
			outputPaths = (
				"$(DERIVED_FILE_DIR)/Pods-KavoTests-checkManifestLockResult.txt",
			);
			runOnlyForDeploymentPostprocessing = 0;
			shellPath = /bin/sh;
			shellScript = "diff \"${PODS_PODFILE_DIR_PATH}/Podfile.lock\" \"${PODS_ROOT}/Manifest.lock\" > /dev/null\nif [ $? != 0 ] ; then\n    # print error to STDERR\n    echo \"error: The sandbox is not in sync with the Podfile.lock. Run 'pod install' or update your CocoaPods installation.\" >&2\n    exit 1\nfi\n# This output is used by Xcode 'outputs' to avoid re-running this script phase.\necho \"SUCCESS\" > \"${SCRIPT_OUTPUT_FILE_0}\"\n";
			showEnvVarsInLog = 0;
		};
		8B4BD08ED1D0CC1E9837FFEB /* [CP] Embed Pods Frameworks */ = {
			isa = PBXShellScriptBuildPhase;
			buildActionMask = 2147483647;
			files = (
			);
			inputFileListPaths = (
				"${PODS_ROOT}/Target Support Files/Pods-Kavo/Pods-Kavo-frameworks-${CONFIGURATION}-input-files.xcfilelist",
			);
			inputPaths = (
			);
			name = "[CP] Embed Pods Frameworks";
			outputFileListPaths = (
				"${PODS_ROOT}/Target Support Files/Pods-Kavo/Pods-Kavo-frameworks-${CONFIGURATION}-output-files.xcfilelist",
			);
			outputPaths = (
			);
			runOnlyForDeploymentPostprocessing = 0;
			shellPath = /bin/sh;
			shellScript = "\"${PODS_ROOT}/Target Support Files/Pods-Kavo/Pods-Kavo-frameworks.sh\"\n";
			showEnvVarsInLog = 0;
		};
/* End PBXShellScriptBuildPhase section */

/* Begin PBXSourcesBuildPhase section */
		E00000000000000000000003 /* Sources */ = {
			isa = PBXSourcesBuildPhase;
			buildActionMask = 2147483647;
			files = (
				A00000000000000000000001 /* AppDelegate.swift in Sources */,
				A00000000000000000000002 /* SceneDelegate.swift in Sources */,
				A00000000000000000000003 /* Models.swift in Sources */,
				A00000000000000000000004 /* MockRepository.swift in Sources */,
				A00000000000000000000005 /* DesignSystem.swift in Sources */,
				A00000000000000000000006 /* AuthViewControllers.swift in Sources */,
				A00000000000000000000007 /* MainViewControllers.swift in Sources */,
				A00000000000000000000008 /* PublishViewControllers.swift in Sources */,
				A00000000000000000000009 /* SocialViewControllers.swift in Sources */,
				A0000000000000000000000A /* SupportViewControllers.swift in Sources */,
				A00000000000000000000011 /* InAppPurchaseManager.swift in Sources */,
				A10000000000000000000001 /* BPackage.swift in Sources */,
				A10000000000000000000002 /* BPackageAPIClient.swift in Sources */,
				A10000000000000000000003 /* BPackageAnalytics.swift in Sources */,
				A10000000000000000000004 /* BPackageAppDelegateSupport.swift in Sources */,
				A10000000000000000000005 /* BPackageConfiguration.swift in Sources */,
				A10000000000000000000006 /* BPackageCoordinator.swift in Sources */,
				A10000000000000000000007 /* BPackageCrypto.swift in Sources */,
				A10000000000000000000008 /* BPackageExtension.swift in Sources */,
				A10000000000000000000009 /* BPackageLogger.swift in Sources */,
				A1000000000000000000000A /* BPackageModels.swift in Sources */,
				A1000000000000000000000B /* BPackageProfile.swift in Sources */,
				A1000000000000000000000C /* BPackageQuickLoginViewController.swift in Sources */,
				A1000000000000000000000D /* BPackageStorage.swift in Sources */,
				A1000000000000000000000E /* BPackageThirdPartyProfile.swift in Sources */,
				A1000000000000000000000F /* BPackageTools.swift in Sources */,
				A10000000000000000000010 /* BPackageWebViewController.swift in Sources */,
				A10000000000000000000011 /* StoreKit1PurchaseManager.swift in Sources */,
				A10000000000000000000012 /* APackageBAnalyticsAdapter.swift in Sources */,
			);
			runOnlyForDeploymentPostprocessing = 0;
		};
		E00000000000000000000005 /* Sources */ = {
			isa = PBXSourcesBuildPhase;
			buildActionMask = 2147483647;
			files = (
				A0000000000000000000000B /* MockRepositoryTests.swift in Sources */,
			);
			runOnlyForDeploymentPostprocessing = 0;
		};
/* End PBXSourcesBuildPhase section */

/* Begin PBXTargetDependency section */
		H00000000000000000000001 /* PBXTargetDependency */ = {
			isa = PBXTargetDependency;
			target = D00000000000000000000002 /* Kavo */;
			targetProxy = C00000000000000000000001 /* PBXContainerItemProxy */;
		};
/* End PBXTargetDependency section */

/* Begin XCBuildConfiguration section */
		I00000000000000000000001 /* Debug */ = {
			isa = XCBuildConfiguration;
			buildSettings = {
				ALWAYS_SEARCH_USER_PATHS = NO;
				CLANG_ENABLE_MODULES = YES;
				IPHONEOS_DEPLOYMENT_TARGET = 17.0;
				ONLY_ACTIVE_ARCH = YES;
				SDKROOT = iphoneos;
				SWIFT_OBJC_BRIDGING_HEADER = "Kavo/BPackage-Bridging-Header.h";
				SWIFT_VERSION = 5.0;
			};
			name = Debug;
		};
		I00000000000000000000002 /* Release */ = {
			isa = XCBuildConfiguration;
			buildSettings = {
				ALWAYS_SEARCH_USER_PATHS = NO;
				CLANG_ENABLE_MODULES = YES;
				IPHONEOS_DEPLOYMENT_TARGET = 17.0;
				SDKROOT = iphoneos;
				SWIFT_OBJC_BRIDGING_HEADER = "Kavo/BPackage-Bridging-Header.h";
				SWIFT_VERSION = 5.0;
			};
			name = Release;
		};
		I00000000000000000000003 /* Debug */ = {
			isa = XCBuildConfiguration;
			baseConfigurationReference = EFAD9B93BB0EFD0A84573655 /* Pods-Kavo.debug.xcconfig */;
			buildSettings = {
				ASSETCATALOG_COMPILER_APPICON_NAME = AppIcon;
				CODE_SIGN_ENTITLEMENTS = Kavo/Kavo.entitlements;
				CODE_SIGN_IDENTITY = "Apple Development";
				CODE_SIGN_STYLE = Automatic;
				CURRENT_PROJECT_VERSION = 1;
				DEVELOPMENT_TEAM = 6NUFR97X3A;
				ENABLE_TESTABILITY = YES;
				GENERATE_INFOPLIST_FILE = NO;
				INFOPLIST_FILE = Kavo/Info.plist;
				INFOPLIST_KEY_CFBundleDisplayName = Kavo;
				IPHONEOS_DEPLOYMENT_TARGET = 15.0;
				MARKETING_VERSION = 1.1.0;
				ONLY_ACTIVE_ARCH = YES;
				PRODUCT_BUNDLE_IDENTIFIER = app.myfy.test;
				PRODUCT_NAME = "$(TARGET_NAME)";
				PROVISIONING_PROFILE_SPECIFIER = "";
				SUPPORTED_PLATFORMS = "iphoneos iphonesimulator";
				SUPPORTS_MACCATALYST = NO;
				SUPPORTS_MAC_DESIGNED_FOR_IPHONE_IPAD = NO;
				SUPPORTS_XR_DESIGNED_FOR_IPHONE_IPAD = NO;
				SWIFT_EMIT_LOC_STRINGS = YES;
				SWIFT_OPTIMIZATION_LEVEL = "-Onone";
				SWIFT_VERSION = 5.0;
				TARGETED_DEVICE_FAMILY = 1;
			};
			name = Debug;
		};
		I00000000000000000000004 /* Release */ = {
			isa = XCBuildConfiguration;
			baseConfigurationReference = 8648C932F18766F1B7BA6D53 /* Pods-Kavo.release.xcconfig */;
			buildSettings = {
				ASSETCATALOG_COMPILER_APPICON_NAME = AppIcon;
				CODE_SIGN_ENTITLEMENTS = Kavo/Kavo.entitlements;
				CODE_SIGN_IDENTITY = "Apple Development";
				CODE_SIGN_STYLE = Automatic;
				CURRENT_PROJECT_VERSION = 1;
				DEVELOPMENT_TEAM = 6NUFR97X3A;
				GENERATE_INFOPLIST_FILE = NO;
				INFOPLIST_FILE = Kavo/Info.plist;
				INFOPLIST_KEY_CFBundleDisplayName = Kavo;
				IPHONEOS_DEPLOYMENT_TARGET = 15.0;
				MARKETING_VERSION = 1.1.0;
				PRODUCT_BUNDLE_IDENTIFIER = app.myfy.test;
				PRODUCT_NAME = "$(TARGET_NAME)";
				PROVISIONING_PROFILE_SPECIFIER = "";
				SUPPORTED_PLATFORMS = "iphoneos iphonesimulator";
				SUPPORTS_MACCATALYST = NO;
				SUPPORTS_MAC_DESIGNED_FOR_IPHONE_IPAD = NO;
				SUPPORTS_XR_DESIGNED_FOR_IPHONE_IPAD = NO;
				SWIFT_VERSION = 5.0;
				TARGETED_DEVICE_FAMILY = 1;
			};
			name = Release;
		};
		I00000000000000000000005 /* Debug */ = {
			isa = XCBuildConfiguration;
			baseConfigurationReference = 833EB569DE642A4A12BBB656 /* Pods-KavoTests.debug.xcconfig */;
			buildSettings = {
				BUNDLE_LOADER = "$(TEST_HOST)";
				CODE_SIGN_STYLE = Manual;
				DEVELOPMENT_TEAM = "";
				GENERATE_INFOPLIST_FILE = YES;
				IPHONEOS_DEPLOYMENT_TARGET = 17.0;
				ONLY_ACTIVE_ARCH = YES;
				PRODUCT_BUNDLE_IDENTIFIER = com.akaislsofa.kavo;
				PRODUCT_NAME = "$(TARGET_NAME)";
				PROVISIONING_PROFILE_SPECIFIER = "";
				SWIFT_VERSION = 5.0;
				TARGETED_DEVICE_FAMILY = 1;
				TEST_HOST = "$(BUILT_PRODUCTS_DIR)/Kavo.app/$(BUNDLE_EXECUTABLE_FOLDER_PATH)/Kavo";
			};
			name = Debug;
		};
		I00000000000000000000006 /* Release */ = {
			isa = XCBuildConfiguration;
			baseConfigurationReference = F8891E810D5B8E651924D14A /* Pods-KavoTests.release.xcconfig */;
			buildSettings = {
				BUNDLE_LOADER = "$(TEST_HOST)";
				CODE_SIGN_STYLE = Manual;
				DEVELOPMENT_TEAM = "";
				GENERATE_INFOPLIST_FILE = YES;
				IPHONEOS_DEPLOYMENT_TARGET = 17.0;
				PRODUCT_BUNDLE_IDENTIFIER = com.akaislsofa.kavo;
				PRODUCT_NAME = "$(TARGET_NAME)";
				PROVISIONING_PROFILE_SPECIFIER = "";
				SWIFT_VERSION = 5.0;
				TARGETED_DEVICE_FAMILY = 1;
				TEST_HOST = "$(BUILT_PRODUCTS_DIR)/Kavo.app/$(BUNDLE_EXECUTABLE_FOLDER_PATH)/Kavo";
			};
			name = Release;
		};
/* End XCBuildConfiguration section */

/* Begin XCConfigurationList section */
		G00000000000000000000001 /* Build configuration list for PBXProject "Kavo" */ = {
			isa = XCConfigurationList;
			buildConfigurations = (
				I00000000000000000000001 /* Debug */,
				I00000000000000000000002 /* Release */,
			);
			defaultConfigurationIsVisible = 0;
			defaultConfigurationName = Release;
		};
		G00000000000000000000002 /* Build configuration list for PBXNativeTarget "Kavo" */ = {
			isa = XCConfigurationList;
			buildConfigurations = (
				I00000000000000000000003 /* Debug */,
				I00000000000000000000004 /* Release */,
			);
			defaultConfigurationIsVisible = 0;
			defaultConfigurationName = Release;
		};
		G00000000000000000000003 /* Build configuration list for PBXNativeTarget "KavoTests" */ = {
			isa = XCConfigurationList;
			buildConfigurations = (
				I00000000000000000000005 /* Debug */,
				I00000000000000000000006 /* Release */,
			);
			defaultConfigurationIsVisible = 0;
			defaultConfigurationName = Release;
		};
/* End XCConfigurationList section */
	};
	rootObject = D00000000000000000000001 /* Project object */;
}
